
Microsoft Visual Studio Solution File, Format Version 12.00
# Visual Studio Version 17
VisualStudioVersion = 17.11.35303.130
MinimumVisualStudioVersion = 10.0.40219.1
Project("{FAE04EC0-301F-11D3-BF4B-00C04F79EFBC}") = "Attack", "Attack\Attack.csproj", "{43BAE0EF-66D6-4A3D-8790-B983C079D8B7}"
EndProject
Project("{FAE04EC0-301F-11D3-BF4B-00C04F79EFBC}") = "ModelAndStuff", "ModelAndStuff\ModelAndStuff.csproj", "{E9288AEC-D155-45A3-A7C2-5726B9BF56D4}"
EndProject
Global
	GlobalSection(SolutionConfigurationPlatforms) = preSolution
		Debug|Any CPU = Debug|Any CPU
		Release|Any CPU = Release|Any CPU
	EndGlobalSection
	GlobalSection(ProjectConfigurationPlatforms) = postSolution
		{43BAE0EF-66D6-4A3D-8790-B983C079D8B7}.Debug|Any CPU.ActiveCfg = Debug|Any CPU
		{43BAE0EF-66D6-4A3D-8790-B983C079D8B7}.Debug|Any CPU.Build.0 = Debug|Any CPU
		{43BAE0EF-66D6-4A3D-8790-B983C079D8B7}.Release|Any CPU.ActiveCfg = Release|Any CPU
		{43BAE0EF-66D6-4A3D-8790-B983C079D8B7}.Release|Any CPU.Build.0 = Release|Any CPU
		{E9288AEC-D155-45A3-A7C2-5726B9BF56D4}.Debug|Any CPU.ActiveCfg = Debug|Any CPU
		{E9288AEC-D155-45A3-A7C2-5726B9BF56D4}.Debug|Any CPU.Build.0 = Debug|Any CPU
		{E9288AEC-D155-45A3-A7C2-5726B9BF56D4}.Release|Any CPU.ActiveCfg = Release|Any CPU
		{E9288AEC-D155-45A3-A7C2-5726B9BF56D4}.Release|Any CPU.Build.0 = Release|Any CPU
	EndGlobalSection
	GlobalSection(SolutionProperties) = preSolution
		HideSolutionNode = FALSE
	EndGlobalSection
	GlobalSection(ExtensibilityGlobals) = postSolution
		SolutionGuid = {A4D16367-7DA0-43D8-A6EC-21784CA0D329}
	EndGlobalSection
EndGlobal
