
Microsoft Visual Studio Solution File, Format Version 12.00
# Visual Studio Version 17
VisualStudioVersion = 17.11.35303.130
MinimumVisualStudioVersion = 10.0.40219.1
Project("{FAE04EC0-301F-11D3-BF4B-00C04F79EFBC}") = "PvsZWinForms", "PvsZWinForms\PvsZWinForms.csproj", "{469DC91F-4237-468F-AA3A-5F93CFCD51C4}"
EndProject
Project("{FAE04EC0-301F-11D3-BF4B-00C04F79EFBC}") = "ModelAndPersistence", "ModelAndPersistence\ModelAndPersistence.csproj", "{7AE6B06E-092A-425C-BB28-075CEB150393}"
EndProject
Global
	GlobalSection(SolutionConfigurationPlatforms) = preSolution
		Debug|Any CPU = Debug|Any CPU
		Release|Any CPU = Release|Any CPU
	EndGlobalSection
	GlobalSection(ProjectConfigurationPlatforms) = postSolution
		{469DC91F-4237-468F-AA3A-5F93CFCD51C4}.Debug|Any CPU.ActiveCfg = Debug|Any CPU
		{469DC91F-4237-468F-AA3A-5F93CFCD51C4}.Debug|Any CPU.Build.0 = Debug|Any CPU
		{469DC91F-4237-468F-AA3A-5F93CFCD51C4}.Release|Any CPU.ActiveCfg = Release|Any CPU
		{469DC91F-4237-468F-AA3A-5F93CFCD51C4}.Release|Any CPU.Build.0 = Release|Any CPU
		{7AE6B06E-092A-425C-BB28-075CEB150393}.Debug|Any CPU.ActiveCfg = Debug|Any CPU
		{7AE6B06E-092A-425C-BB28-075CEB150393}.Debug|Any CPU.Build.0 = Debug|Any CPU
		{7AE6B06E-092A-425C-BB28-075CEB150393}.Release|Any CPU.ActiveCfg = Release|Any CPU
		{7AE6B06E-092A-425C-BB28-075CEB150393}.Release|Any CPU.Build.0 = Release|Any CPU
	EndGlobalSection
	GlobalSection(SolutionProperties) = preSolution
		HideSolutionNode = FALSE
	EndGlobalSection
	GlobalSection(ExtensibilityGlobals) = postSolution
		SolutionGuid = {825309C9-12D3-47C5-A03E-077DF48B42AB}
	EndGlobalSection
EndGlobal
