
Microsoft Visual Studio Solution File, Format Version 12.00
# Visual Studio Version 17
VisualStudioVersion = 17.11.35303.130
MinimumVisualStudioVersion = 10.0.40219.1
Project("{9A19103F-16F7-4668-BE54-9A1E7A4F7556}") = "LabyrinthView", "LabyrinthView\LabyrinthView.csproj", "{7B1FFB51-A126-4708-A3A7-8950E44A07A6}"
EndProject
Project("{9A19103F-16F7-4668-BE54-9A1E7A4F7556}") = "Labyrinth", "Labyrinth\Labyrinth.csproj", "{AB2C05D7-EEB9-442F-982C-9C7A664DCBC8}"
EndProject
Project("{FAE04EC0-301F-11D3-BF4B-00C04F79EFBC}") = "Labyrinth.Test", "TestLabyrinth\Labyrinth.Test.csproj", "{D5FBC22F-627B-4B09-A2D7-30DDC8AC6420}"
EndProject
Global
	GlobalSection(SolutionConfigurationPlatforms) = preSolution
		Debug|Any CPU = Debug|Any CPU
		Release|Any CPU = Release|Any CPU
	EndGlobalSection
	GlobalSection(ProjectConfigurationPlatforms) = postSolution
		{7B1FFB51-A126-4708-A3A7-8950E44A07A6}.Debug|Any CPU.ActiveCfg = Debug|Any CPU
		{7B1FFB51-A126-4708-A3A7-8950E44A07A6}.Debug|Any CPU.Build.0 = Debug|Any CPU
		{7B1FFB51-A126-4708-A3A7-8950E44A07A6}.Release|Any CPU.ActiveCfg = Release|Any CPU
		{7B1FFB51-A126-4708-A3A7-8950E44A07A6}.Release|Any CPU.Build.0 = Release|Any CPU
		{AB2C05D7-EEB9-442F-982C-9C7A664DCBC8}.Debug|Any CPU.ActiveCfg = Debug|Any CPU
		{AB2C05D7-EEB9-442F-982C-9C7A664DCBC8}.Debug|Any CPU.Build.0 = Debug|Any CPU
		{AB2C05D7-EEB9-442F-982C-9C7A664DCBC8}.Release|Any CPU.ActiveCfg = Release|Any CPU
		{AB2C05D7-EEB9-442F-982C-9C7A664DCBC8}.Release|Any CPU.Build.0 = Release|Any CPU
		{D5FBC22F-627B-4B09-A2D7-30DDC8AC6420}.Debug|Any CPU.ActiveCfg = Debug|Any CPU
		{D5FBC22F-627B-4B09-A2D7-30DDC8AC6420}.Debug|Any CPU.Build.0 = Debug|Any CPU
		{D5FBC22F-627B-4B09-A2D7-30DDC8AC6420}.Release|Any CPU.ActiveCfg = Release|Any CPU
		{D5FBC22F-627B-4B09-A2D7-30DDC8AC6420}.Release|Any CPU.Build.0 = Release|Any CPU
	EndGlobalSection
	GlobalSection(SolutionProperties) = preSolution
		HideSolutionNode = FALSE
	EndGlobalSection
	GlobalSection(ExtensibilityGlobals) = postSolution
		SolutionGuid = {D06B0E1F-B7E4-405E-8A65-9650C409AB83}
	EndGlobalSection
EndGlobal
