
Microsoft Visual Studio Solution File, Format Version 12.00
# Visual Studio Version 17
VisualStudioVersion = 17.11.35222.181
MinimumVisualStudioVersion = 10.0.40219.1
Project("{9A19103F-16F7-4668-BE54-9A1E7A4F7556}") = "play2048", "play2048\play2048.csproj", "{9778E8FA-0BAF-4040-9690-BEDB8E3EE668}"
EndProject
Project("{FAE04EC0-301F-11D3-BF4B-00C04F79EFBC}") = "ModelAndPersistencia", "ModelAndPersistencia\ModelAndPersistencia.csproj", "{78740C9E-6C76-4DA2-8503-4A93C968D5DD}"
EndProject
Global
	GlobalSection(SolutionConfigurationPlatforms) = preSolution
		Debug|Any CPU = Debug|Any CPU
		Release|Any CPU = Release|Any CPU
	EndGlobalSection
	GlobalSection(ProjectConfigurationPlatforms) = postSolution
		{9778E8FA-0BAF-4040-9690-BEDB8E3EE668}.Debug|Any CPU.ActiveCfg = Debug|Any CPU
		{9778E8FA-0BAF-4040-9690-BEDB8E3EE668}.Debug|Any CPU.Build.0 = Debug|Any CPU
		{9778E8FA-0BAF-4040-9690-BEDB8E3EE668}.Release|Any CPU.ActiveCfg = Release|Any CPU
		{9778E8FA-0BAF-4040-9690-BEDB8E3EE668}.Release|Any CPU.Build.0 = Release|Any CPU
		{78740C9E-6C76-4DA2-8503-4A93C968D5DD}.Debug|Any CPU.ActiveCfg = Debug|Any CPU
		{78740C9E-6C76-4DA2-8503-4A93C968D5DD}.Debug|Any CPU.Build.0 = Debug|Any CPU
		{78740C9E-6C76-4DA2-8503-4A93C968D5DD}.Release|Any CPU.ActiveCfg = Release|Any CPU
		{78740C9E-6C76-4DA2-8503-4A93C968D5DD}.Release|Any CPU.Build.0 = Release|Any CPU
	EndGlobalSection
	GlobalSection(SolutionProperties) = preSolution
		HideSolutionNode = FALSE
	EndGlobalSection
	GlobalSection(ExtensibilityGlobals) = postSolution
		SolutionGuid = {7A4F6F45-AB0A-4E8C-BD98-F738185D4540}
	EndGlobalSection
EndGlobal
