
Microsoft Visual Studio Solution File, Format Version 12.00
# Visual Studio Version 17
VisualStudioVersion = 17.11.35303.130
MinimumVisualStudioVersion = 10.0.40219.1
Project("{9A19103F-16F7-4668-BE54-9A1E7A4F7556}") = "WpfLabyrinth", "WpfLabyrinth\WpfLabyrinth.csproj", "{9FFC2859-7E8B-4BB0-BD4C-0DEDEF6AB8D7}"
EndProject
Project("{9A19103F-16F7-4668-BE54-9A1E7A4F7556}") = "Labyrinth", "Labyrinth\Labyrinth.csproj", "{CE756928-C2BD-41E7-8A85-E5DE79B604C5}"
EndProject
Project("{9A19103F-16F7-4668-BE54-9A1E7A4F7556}") = "Labyrinth.Test", "TestLabyrinth\Labyrinth.Test.csproj", "{624CF940-FD96-48C9-A61D-C976D0E937B1}"
EndProject
Global
	GlobalSection(SolutionConfigurationPlatforms) = preSolution
		Debug|Any CPU = Debug|Any CPU
		Release|Any CPU = Release|Any CPU
	EndGlobalSection
	GlobalSection(ProjectConfigurationPlatforms) = postSolution
		{9FFC2859-7E8B-4BB0-BD4C-0DEDEF6AB8D7}.Debug|Any CPU.ActiveCfg = Debug|Any CPU
		{9FFC2859-7E8B-4BB0-BD4C-0DEDEF6AB8D7}.Debug|Any CPU.Build.0 = Debug|Any CPU
		{9FFC2859-7E8B-4BB0-BD4C-0DEDEF6AB8D7}.Release|Any CPU.ActiveCfg = Release|Any CPU
		{9FFC2859-7E8B-4BB0-BD4C-0DEDEF6AB8D7}.Release|Any CPU.Build.0 = Release|Any CPU
		{CE756928-C2BD-41E7-8A85-E5DE79B604C5}.Debug|Any CPU.ActiveCfg = Debug|Any CPU
		{CE756928-C2BD-41E7-8A85-E5DE79B604C5}.Debug|Any CPU.Build.0 = Debug|Any CPU
		{CE756928-C2BD-41E7-8A85-E5DE79B604C5}.Release|Any CPU.ActiveCfg = Release|Any CPU
		{CE756928-C2BD-41E7-8A85-E5DE79B604C5}.Release|Any CPU.Build.0 = Release|Any CPU
		{624CF940-FD96-48C9-A61D-C976D0E937B1}.Debug|Any CPU.ActiveCfg = Debug|Any CPU
		{624CF940-FD96-48C9-A61D-C976D0E937B1}.Debug|Any CPU.Build.0 = Debug|Any CPU
		{624CF940-FD96-48C9-A61D-C976D0E937B1}.Release|Any CPU.ActiveCfg = Release|Any CPU
		{624CF940-FD96-48C9-A61D-C976D0E937B1}.Release|Any CPU.Build.0 = Release|Any CPU
	EndGlobalSection
	GlobalSection(SolutionProperties) = preSolution
		HideSolutionNode = FALSE
	EndGlobalSection
	GlobalSection(ExtensibilityGlobals) = postSolution
		SolutionGuid = {6F293C22-8A8C-475E-B1F4-43EDBF258D33}
	EndGlobalSection
EndGlobal
